name: Block Merge on Specific Label

on:
  pull_request:
    types: [opened, reopened, labeled, unlabeled, synchronize]

jobs:
  block-merge:
    runs-on: ubuntu-latest
    steps:
      - name: Check for Block Label
        uses: actions/github-script@d7906e4ad0b1822421a7e6a35d5ca353c962f410 # v6.4.1
        with:
          script: |
            const labelToBlock = 'DO_NOT_MERGE'; // ブロックしたいラベル名を指定
            const prLabels = context.payload.pull_request.labels.map(label => label.name);

            if (prLabels.includes(labelToBlock)) {
              throw new Error(`この PR には '${labelToBlock}' ラベルが付いているため、マージがブロックされています`);
            }
